# Auto-generated by loft — do not edit by hand.
# Run `loft install` to update.
schema_version = 1

[[package]]
name = "gridmesh"
version = "0.1.2"
url = "https://github.com/loft-lang/loft-libs-graphics/releases/download/gridmesh-v0.1.2/gridmesh-0.1.2.tar.gz"
sha256 = "97ac4a990c4501982e05f8a2bd65d6010527f3ace6b3f7598a262ef03ebe6b26"
source = "registry"
