# Auto-generated by loft — do not edit by hand.
# Run `loft install` to update.
schema_version = 1

[[package]]
name = "gridmesh"
version = "0.1.1"
url = "https://github.com/loft-lang/loft-libs-graphics/releases/download/gridmesh-v0.1.1/gridmesh-0.1.1.tar.gz"
sha256 = "baedd9c4537a2de34fe5a4b5a026a281aa6037411eb3261e2a97fabc15850e13"
source = "registry"
