# Auto-generated by loft — do not edit by hand.
# Run `loft install` to update.
schema_version = 1

[[package]]
name = "server"
version = "0.3.0"
url = "https://github.com/loft-lang/loft-libs-net/releases/download/server-v0.3.0/server-0.3.0.tar.gz"
sha256 = "86357ff67899a7c0c18e99c41b0116acffd9e435d45aa0d72807a8160dee5420"
source = "registry"
deps = ["web"]

[[package]]
name = "web"
version = "0.3.0"
url = "https://github.com/loft-lang/loft-libs-net/releases/download/web-v0.3.0/web-0.3.0.tar.gz"
sha256 = "d8f09ebe9d831ee180a29123fef401d8402ac3829415cb4941cccf7a54a13c7f"
source = "registry"

[[package]]
name = "markdown"
version = "0.1.0"
url = "https://github.com/loft-lang/loft-libs-docs/releases/download/markdown-v0.1.0/markdown-0.1.0.tar.gz"
sha256 = "5536baf65642e05fe21c1d7a442e31bcb20de98475bc3ea4a174a952ce8f17bc"
source = "registry"
