# Auto-generated by loft — do not edit by hand.
# Run `loft install` to update.
schema_version = 1

[[package]]
name = "server"
version = "0.5.1"
url = "https://github.com/loft-lang/loft-libs-net/releases/download/server-v0.5.1/server-0.5.1.tar.gz"
sha256 = "3084319f051525184eed611ff5d8963131cfb4b1168971eb4ff9608fc2ee5c6e"
source = "registry"
deps = ["web"]

[[package]]
name = "web"
version = "0.3.5"
url = "https://github.com/loft-lang/loft-libs-net/releases/download/web-v0.3.5/web-0.3.5.tar.gz"
sha256 = "88612d88224af7cf7efad2fcdfae188a439aa058ee0aa3f2d3a9f4ac8979de68"
source = "registry"

[[package]]
name = "markdown"
version = "0.2.0"
url = "https://github.com/loft-lang/loft-libs-docs/releases/download/markdown-v0.2.0/markdown-0.2.0.tar.gz"
sha256 = "c1217fef276dbf45b0e88504bd5f430560b8fa68f1a3d5aeff69696f72f8f19d"
source = "registry"

[[package]]
name = "html"
version = "0.1.0"
url = "https://github.com/loft-lang/loft-libs-docs/releases/download/html-v0.1.0/html-0.1.0.tar.gz"
sha256 = "f060a41166e69b84da1e84949427e03694024e0cc911f8c9a53c644f4ab2a497"
source = "registry"
