# Auto-generated by loft — do not edit by hand.
# Run `loft install` to update.
schema_version = 1

[[package]]
name = "web"
version = "0.2.1"
url = "https://github.com/loft-lang/loft-libs-net/releases/download/web-v0.2.1/web-0.2.1.tar.gz"
sha256 = "e8a73ed6ca26ee0b865d232645ab80472a6f9bf962aed5ac61da0933fa7c0fb9"
source = "registry"

[[package]]
name = "server"
version = "0.2.0"
url = "https://github.com/loft-lang/loft-libs-net/releases/download/server-v0.2.0/server-0.2.0.tar.gz"
sha256 = "5cc1b878211d937740e7561fc1406dc61de099c6aabaaa8841d0cb3023856c4e"
source = "registry"
deps = ["web"]

[[package]]
name = "game_protocol"
version = "0.1.2"
url = "https://github.com/loft-lang/loft-libs-net/releases/download/game_protocol-v0.1.2/game_protocol-0.1.2.tar.gz"
sha256 = "de63087a7cda78e3121e9a8c08e94b2a3c92ca8d0edc11e88d6719cfc16bef56"
source = "registry"
deps = ["server", "web"]
