# Auto-generated by loft — do not edit by hand.
# Run `loft install` to update.
schema_version = 1

[[package]]
name = "graphics"
version = "0.3.0"
url = "https://github.com/loft-lang/loft-libs-graphics/releases/download/graphics-v0.3.0/graphics-0.3.0.tar.gz"
sha256 = "788bb7426a666d04571dbca6f318c35533c7109b384a52d81aa77907a57e5cad"
source = "registry"

[[package]]
name = "shapes"
version = "0.2.0"
url = "https://github.com/loft-lang/loft-libs-graphics/releases/download/shapes-v0.2.0/shapes-0.2.0.tar.gz"
sha256 = "284e8a5c86036911d047d66218751d06ac026b9c07debe7be32c1e51da0bd051"
source = "registry"
