# Auto-generated by loft — do not edit by hand.
# Run `loft install` to update.
schema_version = 1

[[package]]
name = "web"
version = "0.2.0"
url = "https://github.com/loft-lang/loft-libs-net/releases/download/web-v0.2.0/web-0.2.0.tar.gz"
sha256 = "e5a46ea562590f389db1d725ab7954f1361474c15201b12c188f0b57438d2494"
source = "registry"

[[package]]
name = "server"
version = "0.2.0"
url = "https://github.com/loft-lang/loft-libs-net/releases/download/server-v0.2.0/server-0.2.0.tar.gz"
sha256 = "5cc1b878211d937740e7561fc1406dc61de099c6aabaaa8841d0cb3023856c4e"
source = "registry"
deps = ["web"]

[[package]]
name = "gridmesh"
version = "0.1.1"
url = "https://github.com/loft-lang/loft-libs-graphics/releases/download/gridmesh-v0.1.1/gridmesh-0.1.1.tar.gz"
sha256 = "baedd9c4537a2de34fe5a4b5a026a281aa6037411eb3261e2a97fabc15850e13"
source = "registry"

[[package]]
name = "graphics"
version = "0.3.0"
url = "https://github.com/loft-lang/loft-libs-graphics/releases/download/graphics-v0.3.0/graphics-0.3.0.tar.gz"
sha256 = "788bb7426a666d04571dbca6f318c35533c7109b384a52d81aa77907a57e5cad"
source = "registry"
