# Auto-generated by loft — do not edit by hand.
# Run `loft install` to update.
schema_version = 1

[[package]]
name = "web"
version = "0.1.1"
url = "https://github.com/loft-lang/loft-libs-net/releases/download/web-v0.1.1/web-0.1.1.tar.gz"
sha256 = "71ab397ee28430070ba7d9a5903b7f3b9c611237c2f4bc67f90bf8779d28f83b"
source = "registry"

[[package]]
name = "server"
version = "0.1.1"
url = "https://github.com/loft-lang/loft-libs-net/releases/download/server-v0.1.1/server-0.1.1.tar.gz"
sha256 = "01729ea6efdf600da2e3e1a4937a77baa3a7d20fa50af316726dd294069fa63d"
source = "registry"
deps = ["web"]
